
Microsoft Visual Studio Solution File, Format Version 12.00
# Visual Studio Version 16
VisualStudioVersion = 16.0.31019.35
MinimumVisualStudioVersion = 10.0.40219.1
Project("{9A19103F-16F7-4668-BE54-9A1E7A4F7556}") = "iMessengerCoreAPI.Web", "iMessengerCoreAPI.Web\iMessengerCoreAPI.Web.csproj", "{D4EE88E4-D8E6-4BB6-84B5-0C8482CA2E64}"
EndProject
Project("{FAE04EC0-301F-11D3-BF4B-00C04F79EFBC}") = "iMessengerCoreAPI.Web.Tests", "iMessengerCoreAPI.Web.Tests\iMessengerCoreAPI.Web.Tests.csproj", "{F240EB5B-2CB5-4A80-801C-111D933192B6}"
EndProject
Global
	GlobalSection(SolutionConfigurationPlatforms) = preSolution
		Debug|Any CPU = Debug|Any CPU
		Release|Any CPU = Release|Any CPU
	EndGlobalSection
	GlobalSection(ProjectConfigurationPlatforms) = postSolution
		{D4EE88E4-D8E6-4BB6-84B5-0C8482CA2E64}.Debug|Any CPU.ActiveCfg = Debug|Any CPU
		{D4EE88E4-D8E6-4BB6-84B5-0C8482CA2E64}.Debug|Any CPU.Build.0 = Debug|Any CPU
		{D4EE88E4-D8E6-4BB6-84B5-0C8482CA2E64}.Release|Any CPU.ActiveCfg = Release|Any CPU
		{D4EE88E4-D8E6-4BB6-84B5-0C8482CA2E64}.Release|Any CPU.Build.0 = Release|Any CPU
		{F240EB5B-2CB5-4A80-801C-111D933192B6}.Debug|Any CPU.ActiveCfg = Debug|Any CPU
		{F240EB5B-2CB5-4A80-801C-111D933192B6}.Debug|Any CPU.Build.0 = Debug|Any CPU
		{F240EB5B-2CB5-4A80-801C-111D933192B6}.Release|Any CPU.ActiveCfg = Release|Any CPU
		{F240EB5B-2CB5-4A80-801C-111D933192B6}.Release|Any CPU.Build.0 = Release|Any CPU
	EndGlobalSection
	GlobalSection(SolutionProperties) = preSolution
		HideSolutionNode = FALSE
	EndGlobalSection
	GlobalSection(ExtensibilityGlobals) = postSolution
		SolutionGuid = {F63761DB-6265-4578-9981-62A59F0B5066}
	EndGlobalSection
EndGlobal
